
Microsoft Visual Studio Solution File, Format Version 12.00
# Visual Studio Version 17
VisualStudioVersion = 17.14.36109.1
MinimumVisualStudioVersion = 10.0.40219.1
Project("{FAE04EC0-301F-11D3-BF4B-00C04F79EFBC}") = "Quản Lý Bán Hàng", "Quản Lý Bán Hàng\Quản Lý Bán Hàng.csproj", "{57A6D348-3B12-44CD-8911-4D3CB2E842FC}"
EndProject
Global
	GlobalSection(SolutionConfigurationPlatforms) = preSolution
		Debug|Any CPU = Debug|Any CPU
		Release|Any CPU = Release|Any CPU
	EndGlobalSection
	GlobalSection(ProjectConfigurationPlatforms) = postSolution
		{57A6D348-3B12-44CD-8911-4D3CB2E842FC}.Debug|Any CPU.ActiveCfg = Debug|Any CPU
		{57A6D348-3B12-44CD-8911-4D3CB2E842FC}.Debug|Any CPU.Build.0 = Debug|Any CPU
		{57A6D348-3B12-44CD-8911-4D3CB2E842FC}.Release|Any CPU.ActiveCfg = Release|Any CPU
		{57A6D348-3B12-44CD-8911-4D3CB2E842FC}.Release|Any CPU.Build.0 = Release|Any CPU
	EndGlobalSection
	GlobalSection(SolutionProperties) = preSolution
		HideSolutionNode = FALSE
	EndGlobalSection
	GlobalSection(ExtensibilityGlobals) = postSolution
		SolutionGuid = {8086395A-2281-4245-890F-B53603B86C4A}
	EndGlobalSection
EndGlobal
